
Microsoft Visual Studio Solution File, Format Version 12.00
# Visual Studio Version 17
VisualStudioVersion = 17.5.2.0
MinimumVisualStudioVersion = 10.0.40219.1
Project("{2150E333-8FDC-42A3-9474-1A3956D46DE8}") = "tests", "tests", "{0AB3BF05-4346-4AA6-1389-037BE0695223}"
EndProject
Project("{FAE04EC0-301F-11D3-BF4B-00C04F79EFBC}") = "GraGasJM.Application.Tests", "tests\GraGasJM.Application.Tests\GraGasJM.Application.Tests.csproj", "{E5E2AE49-5E98-4819-9131-2E9DABA20B3D}"
EndProject
Project("{2150E333-8FDC-42A3-9474-1A3956D46DE8}") = "GRAGAZDomain", "GRAGAZDomain", "{A169A73C-ABCA-D3D5-1D7D-DCC4580B421C}"
EndProject
Project("{FAE04EC0-301F-11D3-BF4B-00C04F79EFBC}") = "GraGasJM.Domain", "GRAGAZDomain\GraGasJM.Domain.csproj", "{D2AE84DC-4A0C-4349-871D-014521BA7CDC}"
EndProject
Project("{2150E333-8FDC-42A3-9474-1A3956D46DE8}") = "GRAGAZApplication", "GRAGAZApplication", "{4776A437-9B4C-CD26-DC33-503AAF6A1A22}"
EndProject
Project("{FAE04EC0-301F-11D3-BF4B-00C04F79EFBC}") = "GraGasJM.Application", "GRAGAZApplication\GraGasJM.Application.csproj", "{BB22A572-9465-4CEB-8371-A17A0F8386F8}"
EndProject
Project("{2150E333-8FDC-42A3-9474-1A3956D46DE8}") = "GRAGAZInfrastructure", "GRAGAZInfrastructure", "{E052533B-DE29-9AFC-FDDB-09ED5279DC75}"
EndProject
Project("{FAE04EC0-301F-11D3-BF4B-00C04F79EFBC}") = "GraGasJM.Infrastructure", "GRAGAZInfrastructure\GraGasJM.Infrastructure.csproj", "{7A02CDC2-6B7B-468F-B647-E3C1DEB2C3D6}"
EndProject
Project("{2150E333-8FDC-42A3-9474-1A3956D46DE8}") = "GRAGAZBlazor", "GRAGAZBlazor", "{91F526BF-9018-F872-CF79-9DAA3CAB9F95}"
EndProject
Project("{FAE04EC0-301F-11D3-BF4B-00C04F79EFBC}") = "GraGasJM", "GRAGAZBlazor\GraGasJM.csproj", "{F0E18F9E-AF3F-43AE-8785-310C21873050}"
EndProject
Global
	GlobalSection(SolutionConfigurationPlatforms) = preSolution
		Debug|Any CPU = Debug|Any CPU
		Debug|x64 = Debug|x64
		Debug|x86 = Debug|x86
		Release|Any CPU = Release|Any CPU
		Release|x64 = Release|x64
		Release|x86 = Release|x86
	EndGlobalSection
	GlobalSection(ProjectConfigurationPlatforms) = postSolution
		{E5E2AE49-5E98-4819-9131-2E9DABA20B3D}.Debug|Any CPU.ActiveCfg = Debug|Any CPU
		{E5E2AE49-5E98-4819-9131-2E9DABA20B3D}.Debug|Any CPU.Build.0 = Debug|Any CPU
		{E5E2AE49-5E98-4819-9131-2E9DABA20B3D}.Debug|x64.ActiveCfg = Debug|Any CPU
		{E5E2AE49-5E98-4819-9131-2E9DABA20B3D}.Debug|x64.Build.0 = Debug|Any CPU
		{E5E2AE49-5E98-4819-9131-2E9DABA20B3D}.Debug|x86.ActiveCfg = Debug|Any CPU
		{E5E2AE49-5E98-4819-9131-2E9DABA20B3D}.Debug|x86.Build.0 = Debug|Any CPU
		{E5E2AE49-5E98-4819-9131-2E9DABA20B3D}.Release|Any CPU.ActiveCfg = Release|Any CPU
		{E5E2AE49-5E98-4819-9131-2E9DABA20B3D}.Release|Any CPU.Build.0 = Release|Any CPU
		{E5E2AE49-5E98-4819-9131-2E9DABA20B3D}.Release|x64.ActiveCfg = Release|Any CPU
		{E5E2AE49-5E98-4819-9131-2E9DABA20B3D}.Release|x64.Build.0 = Release|Any CPU
		{E5E2AE49-5E98-4819-9131-2E9DABA20B3D}.Release|x86.ActiveCfg = Release|Any CPU
		{E5E2AE49-5E98-4819-9131-2E9DABA20B3D}.Release|x86.Build.0 = Release|Any CPU
		{D2AE84DC-4A0C-4349-871D-014521BA7CDC}.Debug|Any CPU.ActiveCfg = Debug|Any CPU
		{D2AE84DC-4A0C-4349-871D-014521BA7CDC}.Debug|Any CPU.Build.0 = Debug|Any CPU
		{D2AE84DC-4A0C-4349-871D-014521BA7CDC}.Debug|x64.ActiveCfg = Debug|Any CPU
		{D2AE84DC-4A0C-4349-871D-014521BA7CDC}.Debug|x64.Build.0 = Debug|Any CPU
		{D2AE84DC-4A0C-4349-871D-014521BA7CDC}.Debug|x86.ActiveCfg = Debug|Any CPU
		{D2AE84DC-4A0C-4349-871D-014521BA7CDC}.Debug|x86.Build.0 = Debug|Any CPU
		{D2AE84DC-4A0C-4349-871D-014521BA7CDC}.Release|Any CPU.ActiveCfg = Release|Any CPU
		{D2AE84DC-4A0C-4349-871D-014521BA7CDC}.Release|Any CPU.Build.0 = Release|Any CPU
		{D2AE84DC-4A0C-4349-871D-014521BA7CDC}.Release|x64.ActiveCfg = Release|Any CPU
		{D2AE84DC-4A0C-4349-871D-014521BA7CDC}.Release|x64.Build.0 = Release|Any CPU
		{D2AE84DC-4A0C-4349-871D-014521BA7CDC}.Release|x86.ActiveCfg = Release|Any CPU
		{D2AE84DC-4A0C-4349-871D-014521BA7CDC}.Release|x86.Build.0 = Release|Any CPU
		{BB22A572-9465-4CEB-8371-A17A0F8386F8}.Debug|Any CPU.ActiveCfg = Debug|Any CPU
		{BB22A572-9465-4CEB-8371-A17A0F8386F8}.Debug|Any CPU.Build.0 = Debug|Any CPU
		{BB22A572-9465-4CEB-8371-A17A0F8386F8}.Debug|x64.ActiveCfg = Debug|Any CPU
		{BB22A572-9465-4CEB-8371-A17A0F8386F8}.Debug|x64.Build.0 = Debug|Any CPU
		{BB22A572-9465-4CEB-8371-A17A0F8386F8}.Debug|x86.ActiveCfg = Debug|Any CPU
		{BB22A572-9465-4CEB-8371-A17A0F8386F8}.Debug|x86.Build.0 = Debug|Any CPU
		{BB22A572-9465-4CEB-8371-A17A0F8386F8}.Release|Any CPU.ActiveCfg = Release|Any CPU
		{BB22A572-9465-4CEB-8371-A17A0F8386F8}.Release|Any CPU.Build.0 = Release|Any CPU
		{BB22A572-9465-4CEB-8371-A17A0F8386F8}.Release|x64.ActiveCfg = Release|Any CPU
		{BB22A572-9465-4CEB-8371-A17A0F8386F8}.Release|x64.Build.0 = Release|Any CPU
		{BB22A572-9465-4CEB-8371-A17A0F8386F8}.Release|x86.ActiveCfg = Release|Any CPU
		{BB22A572-9465-4CEB-8371-A17A0F8386F8}.Release|x86.Build.0 = Release|Any CPU
		{7A02CDC2-6B7B-468F-B647-E3C1DEB2C3D6}.Debug|Any CPU.ActiveCfg = Debug|Any CPU
		{7A02CDC2-6B7B-468F-B647-E3C1DEB2C3D6}.Debug|Any CPU.Build.0 = Debug|Any CPU
		{7A02CDC2-6B7B-468F-B647-E3C1DEB2C3D6}.Debug|x64.ActiveCfg = Debug|Any CPU
		{7A02CDC2-6B7B-468F-B647-E3C1DEB2C3D6}.Debug|x64.Build.0 = Debug|Any CPU
		{7A02CDC2-6B7B-468F-B647-E3C1DEB2C3D6}.Debug|x86.ActiveCfg = Debug|Any CPU
		{7A02CDC2-6B7B-468F-B647-E3C1DEB2C3D6}.Debug|x86.Build.0 = Debug|Any CPU
		{7A02CDC2-6B7B-468F-B647-E3C1DEB2C3D6}.Release|Any CPU.ActiveCfg = Release|Any CPU
		{7A02CDC2-6B7B-468F-B647-E3C1DEB2C3D6}.Release|Any CPU.Build.0 = Release|Any CPU
		{7A02CDC2-6B7B-468F-B647-E3C1DEB2C3D6}.Release|x64.ActiveCfg = Release|Any CPU
		{7A02CDC2-6B7B-468F-B647-E3C1DEB2C3D6}.Release|x64.Build.0 = Release|Any CPU
		{7A02CDC2-6B7B-468F-B647-E3C1DEB2C3D6}.Release|x86.ActiveCfg = Release|Any CPU
		{7A02CDC2-6B7B-468F-B647-E3C1DEB2C3D6}.Release|x86.Build.0 = Release|Any CPU
		{F0E18F9E-AF3F-43AE-8785-310C21873050}.Debug|Any CPU.ActiveCfg = Debug|Any CPU
		{F0E18F9E-AF3F-43AE-8785-310C21873050}.Debug|Any CPU.Build.0 = Debug|Any CPU
		{F0E18F9E-AF3F-43AE-8785-310C21873050}.Debug|x64.ActiveCfg = Debug|Any CPU
		{F0E18F9E-AF3F-43AE-8785-310C21873050}.Debug|x64.Build.0 = Debug|Any CPU
		{F0E18F9E-AF3F-43AE-8785-310C21873050}.Debug|x86.ActiveCfg = Debug|Any CPU
		{F0E18F9E-AF3F-43AE-8785-310C21873050}.Debug|x86.Build.0 = Debug|Any CPU
		{F0E18F9E-AF3F-43AE-8785-310C21873050}.Release|Any CPU.ActiveCfg = Release|Any CPU
		{F0E18F9E-AF3F-43AE-8785-310C21873050}.Release|Any CPU.Build.0 = Release|Any CPU
		{F0E18F9E-AF3F-43AE-8785-310C21873050}.Release|x64.ActiveCfg = Release|Any CPU
		{F0E18F9E-AF3F-43AE-8785-310C21873050}.Release|x64.Build.0 = Release|Any CPU
		{F0E18F9E-AF3F-43AE-8785-310C21873050}.Release|x86.ActiveCfg = Release|Any CPU
		{F0E18F9E-AF3F-43AE-8785-310C21873050}.Release|x86.Build.0 = Release|Any CPU
	EndGlobalSection
	GlobalSection(SolutionProperties) = preSolution
		HideSolutionNode = FALSE
	EndGlobalSection
	GlobalSection(NestedProjects) = preSolution
		{E5E2AE49-5E98-4819-9131-2E9DABA20B3D} = {0AB3BF05-4346-4AA6-1389-037BE0695223}
		{D2AE84DC-4A0C-4349-871D-014521BA7CDC} = {A169A73C-ABCA-D3D5-1D7D-DCC4580B421C}
		{BB22A572-9465-4CEB-8371-A17A0F8386F8} = {4776A437-9B4C-CD26-DC33-503AAF6A1A22}
		{7A02CDC2-6B7B-468F-B647-E3C1DEB2C3D6} = {E052533B-DE29-9AFC-FDDB-09ED5279DC75}
		{F0E18F9E-AF3F-43AE-8785-310C21873050} = {91F526BF-9018-F872-CF79-9DAA3CAB9F95}
	EndGlobalSection
	GlobalSection(ExtensibilityGlobals) = postSolution
		SolutionGuid = {9E31B7B7-BFB7-4FC4-89E6-0209474A3B2A}
	EndGlobalSection
EndGlobal
